
Microsoft Visual Studio Solution File, Format Version 12.00
# Visual Studio Version 16
VisualStudioVersion = 16.0.31129.286
MinimumVisualStudioVersion = 10.0.40219.1
Project("{9A19103F-16F7-4668-BE54-9A1E7A4F7556}") = "WasmUI.Server", "Server\WasmUI.Server.csproj", "{09FEAB8D-0745-4809-B2B4-A0319C1D10E8}"
EndProject
Project("{9A19103F-16F7-4668-BE54-9A1E7A4F7556}") = "WasmUI.Client", "Client\WasmUI.Client.csproj", "{526DAA16-EB7C-4E15-A44D-73D7CCF131EB}"
EndProject
Project("{9A19103F-16F7-4668-BE54-9A1E7A4F7556}") = "WasmUI.Shared", "Shared\WasmUI.Shared.csproj", "{BD359BD0-7D24-4E0C-BCE2-D9655A48180F}"
EndProject
Global
	GlobalSection(SolutionConfigurationPlatforms) = preSolution
		Debug|Any CPU = Debug|Any CPU
		Release|Any CPU = Release|Any CPU
	EndGlobalSection
	GlobalSection(ProjectConfigurationPlatforms) = postSolution
		{09FEAB8D-0745-4809-B2B4-A0319C1D10E8}.Debug|Any CPU.ActiveCfg = Debug|Any CPU
		{09FEAB8D-0745-4809-B2B4-A0319C1D10E8}.Debug|Any CPU.Build.0 = Debug|Any CPU
		{09FEAB8D-0745-4809-B2B4-A0319C1D10E8}.Release|Any CPU.ActiveCfg = Release|Any CPU
		{09FEAB8D-0745-4809-B2B4-A0319C1D10E8}.Release|Any CPU.Build.0 = Release|Any CPU
		{526DAA16-EB7C-4E15-A44D-73D7CCF131EB}.Debug|Any CPU.ActiveCfg = Debug|Any CPU
		{526DAA16-EB7C-4E15-A44D-73D7CCF131EB}.Debug|Any CPU.Build.0 = Debug|Any CPU
		{526DAA16-EB7C-4E15-A44D-73D7CCF131EB}.Release|Any CPU.ActiveCfg = Release|Any CPU
		{526DAA16-EB7C-4E15-A44D-73D7CCF131EB}.Release|Any CPU.Build.0 = Release|Any CPU
		{BD359BD0-7D24-4E0C-BCE2-D9655A48180F}.Debug|Any CPU.ActiveCfg = Debug|Any CPU
		{BD359BD0-7D24-4E0C-BCE2-D9655A48180F}.Debug|Any CPU.Build.0 = Debug|Any CPU
		{BD359BD0-7D24-4E0C-BCE2-D9655A48180F}.Release|Any CPU.ActiveCfg = Release|Any CPU
		{BD359BD0-7D24-4E0C-BCE2-D9655A48180F}.Release|Any CPU.Build.0 = Release|Any CPU
	EndGlobalSection
	GlobalSection(SolutionProperties) = preSolution
		HideSolutionNode = FALSE
	EndGlobalSection
	GlobalSection(ExtensibilityGlobals) = postSolution
		SolutionGuid = {3341AA30-5C4E-4A38-87A7-246699F720DE}
	EndGlobalSection
EndGlobal
